
Microsoft Visual Studio Solution File, Format Version 12.00
# Visual Studio Version 16
VisualStudioVersion = 16.0.31727.386
MinimumVisualStudioVersion = 10.0.40219.1
Project("{9A19103F-16F7-4668-BE54-9A1E7A4F7556}") = "Targil0", "Targil0\Targil0.csproj", "{CB97E17D-159A-4400-A2A1-E912701D866C}"
EndProject
Project("{2150E333-8FDC-42A3-9474-1A3956D46DE8}") = ".Solution Items", ".Solution Items", "{D29D8A78-91A2-4B85-B19F-DC32ADA2A613}"
	ProjectSection(SolutionItems) = preProject
		README.md = README.md
	EndProjectSection
EndProject
Project("{2150E333-8FDC-42A3-9474-1A3956D46DE8}") = ".Solution Items (2)", ".Solution Items (2)", "{509541A8-5ECD-4005-ABCC-66E74E4C4054}"
	ProjectSection(SolutionItems) = preProject
		README.md = README.md
	EndProjectSection
EndProject
Project("{9A19103F-16F7-4668-BE54-9A1E7A4F7556}") = "ConsoleUI", "ConsoleUI\ConsoleUI.csproj", "{9C388440-742F-45D5-8250-23A325BB452E}"
EndProject
Project("{9A19103F-16F7-4668-BE54-9A1E7A4F7556}") = "DalFacade", "DAL\DalFacade.csproj", "{2F7AD28B-8C50-403D-93FB-F7FBA5DF1925}"
EndProject
Project("{9A19103F-16F7-4668-BE54-9A1E7A4F7556}") = "BL", "BL\BL.csproj", "{36716709-A177-4014-A425-B2386DFD62C2}"
EndProject
Project("{9A19103F-16F7-4668-BE54-9A1E7A4F7556}") = "ConsoleUI_BL", "ConsoleUI_BL\ConsoleUI_BL.csproj", "{06BC7933-CF9B-4175-8B83-7FC876787C8D}"
EndProject
Project("{2150E333-8FDC-42A3-9474-1A3956D46DE8}") = "1. Data Layer", "1. Data Layer", "{649F22CE-3DF8-4409-8516-1CF099939248}"
EndProject
Project("{2150E333-8FDC-42A3-9474-1A3956D46DE8}") = "2. Business Layer", "2. Business Layer", "{582CEF75-4BAA-4E63-BC68-370CDE4CFFA5}"
EndProject
Project("{2150E333-8FDC-42A3-9474-1A3956D46DE8}") = "3. Presentation Layer", "3. Presentation Layer", "{9D2ED901-E0DE-4642-ABA1-18C91E2E1CFE}"
EndProject
Project("{2150E333-8FDC-42A3-9474-1A3956D46DE8}") = "0. Targil 0", "0. Targil 0", "{B75F73D9-3D77-468F-BE94-C31EF4AC1B6A}"
EndProject
Project("{9A19103F-16F7-4668-BE54-9A1E7A4F7556}") = "PL", "PL\PL.csproj", "{EC629310-E777-4C4C-839E-37DB691A7087}"
EndProject
Project("{9A19103F-16F7-4668-BE54-9A1E7A4F7556}") = "DalObject", "DalObject\DalObject.csproj", "{E5D7749E-2CFF-438A-8F9E-5F9BEAC4FF8E}"
EndProject
Project("{9A19103F-16F7-4668-BE54-9A1E7A4F7556}") = "DalXml", "DalXml\DalXml.csproj", "{7EEA609F-8FF5-460B-B9AD-A4C9C9392296}"
EndProject
Project("{2150E333-8FDC-42A3-9474-1A3956D46DE8}") = "xml", "xml", "{E310CB1C-A3E0-4327-BE04-1381AC2AFC33}"
	ProjectSection(SolutionItems) = preProject
		dal-config.xml = dal-config.xml
	EndProjectSection
EndProject
Global
	GlobalSection(SolutionConfigurationPlatforms) = preSolution
		Debug|Any CPU = Debug|Any CPU
		Release|Any CPU = Release|Any CPU
	EndGlobalSection
	GlobalSection(ProjectConfigurationPlatforms) = postSolution
		{CB97E17D-159A-4400-A2A1-E912701D866C}.Debug|Any CPU.ActiveCfg = Debug|Any CPU
		{CB97E17D-159A-4400-A2A1-E912701D866C}.Debug|Any CPU.Build.0 = Debug|Any CPU
		{CB97E17D-159A-4400-A2A1-E912701D866C}.Release|Any CPU.ActiveCfg = Release|Any CPU
		{CB97E17D-159A-4400-A2A1-E912701D866C}.Release|Any CPU.Build.0 = Release|Any CPU
		{9C388440-742F-45D5-8250-23A325BB452E}.Debug|Any CPU.ActiveCfg = Debug|Any CPU
		{9C388440-742F-45D5-8250-23A325BB452E}.Debug|Any CPU.Build.0 = Debug|Any CPU
		{9C388440-742F-45D5-8250-23A325BB452E}.Release|Any CPU.ActiveCfg = Release|Any CPU
		{9C388440-742F-45D5-8250-23A325BB452E}.Release|Any CPU.Build.0 = Release|Any CPU
		{2F7AD28B-8C50-403D-93FB-F7FBA5DF1925}.Debug|Any CPU.ActiveCfg = Debug|Any CPU
		{2F7AD28B-8C50-403D-93FB-F7FBA5DF1925}.Debug|Any CPU.Build.0 = Debug|Any CPU
		{2F7AD28B-8C50-403D-93FB-F7FBA5DF1925}.Release|Any CPU.ActiveCfg = Release|Any CPU
		{2F7AD28B-8C50-403D-93FB-F7FBA5DF1925}.Release|Any CPU.Build.0 = Release|Any CPU
		{36716709-A177-4014-A425-B2386DFD62C2}.Debug|Any CPU.ActiveCfg = Debug|Any CPU
		{36716709-A177-4014-A425-B2386DFD62C2}.Debug|Any CPU.Build.0 = Debug|Any CPU
		{36716709-A177-4014-A425-B2386DFD62C2}.Release|Any CPU.ActiveCfg = Release|Any CPU
		{36716709-A177-4014-A425-B2386DFD62C2}.Release|Any CPU.Build.0 = Release|Any CPU
		{06BC7933-CF9B-4175-8B83-7FC876787C8D}.Debug|Any CPU.ActiveCfg = Debug|Any CPU
		{06BC7933-CF9B-4175-8B83-7FC876787C8D}.Debug|Any CPU.Build.0 = Debug|Any CPU
		{06BC7933-CF9B-4175-8B83-7FC876787C8D}.Release|Any CPU.ActiveCfg = Release|Any CPU
		{06BC7933-CF9B-4175-8B83-7FC876787C8D}.Release|Any CPU.Build.0 = Release|Any CPU
		{EC629310-E777-4C4C-839E-37DB691A7087}.Debug|Any CPU.ActiveCfg = Debug|Any CPU
		{EC629310-E777-4C4C-839E-37DB691A7087}.Debug|Any CPU.Build.0 = Debug|Any CPU
		{EC629310-E777-4C4C-839E-37DB691A7087}.Release|Any CPU.ActiveCfg = Release|Any CPU
		{EC629310-E777-4C4C-839E-37DB691A7087}.Release|Any CPU.Build.0 = Release|Any CPU
		{E5D7749E-2CFF-438A-8F9E-5F9BEAC4FF8E}.Debug|Any CPU.ActiveCfg = Debug|Any CPU
		{E5D7749E-2CFF-438A-8F9E-5F9BEAC4FF8E}.Debug|Any CPU.Build.0 = Debug|Any CPU
		{E5D7749E-2CFF-438A-8F9E-5F9BEAC4FF8E}.Release|Any CPU.ActiveCfg = Release|Any CPU
		{E5D7749E-2CFF-438A-8F9E-5F9BEAC4FF8E}.Release|Any CPU.Build.0 = Release|Any CPU
		{7EEA609F-8FF5-460B-B9AD-A4C9C9392296}.Debug|Any CPU.ActiveCfg = Debug|Any CPU
		{7EEA609F-8FF5-460B-B9AD-A4C9C9392296}.Debug|Any CPU.Build.0 = Debug|Any CPU
		{7EEA609F-8FF5-460B-B9AD-A4C9C9392296}.Release|Any CPU.ActiveCfg = Release|Any CPU
		{7EEA609F-8FF5-460B-B9AD-A4C9C9392296}.Release|Any CPU.Build.0 = Release|Any CPU
	EndGlobalSection
	GlobalSection(SolutionProperties) = preSolution
		HideSolutionNode = FALSE
	EndGlobalSection
	GlobalSection(NestedProjects) = preSolution
		{CB97E17D-159A-4400-A2A1-E912701D866C} = {B75F73D9-3D77-468F-BE94-C31EF4AC1B6A}
		{9C388440-742F-45D5-8250-23A325BB452E} = {649F22CE-3DF8-4409-8516-1CF099939248}
		{2F7AD28B-8C50-403D-93FB-F7FBA5DF1925} = {649F22CE-3DF8-4409-8516-1CF099939248}
		{36716709-A177-4014-A425-B2386DFD62C2} = {582CEF75-4BAA-4E63-BC68-370CDE4CFFA5}
		{06BC7933-CF9B-4175-8B83-7FC876787C8D} = {582CEF75-4BAA-4E63-BC68-370CDE4CFFA5}
		{EC629310-E777-4C4C-839E-37DB691A7087} = {9D2ED901-E0DE-4642-ABA1-18C91E2E1CFE}
		{E5D7749E-2CFF-438A-8F9E-5F9BEAC4FF8E} = {649F22CE-3DF8-4409-8516-1CF099939248}
		{7EEA609F-8FF5-460B-B9AD-A4C9C9392296} = {649F22CE-3DF8-4409-8516-1CF099939248}
	EndGlobalSection
	GlobalSection(ExtensibilityGlobals) = postSolution
		SolutionGuid = {D961A06C-6FDE-4CA7-804A-BF4FFEC36708}
	EndGlobalSection
EndGlobal
